// !$*UTF8*$!
{
	archiveVersion = 1;
	classes = {
	};
	objectVersion = 56;
	objects = {

/* Begin PBXBuildFile section */
		6A357CA52AD55391000DD4AC /* SkinDetectApp.swift in Sources */ = {isa = PBXBuildFile; fileRef = 6A357CA42AD55391000DD4AC /* SkinDetectApp.swift */; };
		6A357CA72AD55391000DD4AC /* CaptureView.swift in Sources */ = {isa = PBXBuildFile; fileRef = 6A357CA62AD55391000DD4AC /* CaptureView.swift */; };
		6A357CA92AD55393000DD4AC /* Assets.xcassets in Resources */ = {isa = PBXBuildFile; fileRef = 6A357CA82AD55393000DD4AC /* Assets.xcassets */; };
		6A357CAC2AD55393000DD4AC /* Preview Assets.xcassets in Resources */ = {isa = PBXBuildFile; fileRef = 6A357CAB2AD55393000DD4AC /* Preview Assets.xcassets */; };
		6A357CB52AD55612000DD4AC /* ImagePickerView.swift in Sources */ = {isa = PBXBuildFile; fileRef = 6A357CB42AD55612000DD4AC /* ImagePickerView.swift */; };
		6A357CB72AD56F2F000DD4AC /* SkinNightmarePredictor.swift in Sources */ = {isa = PBXBuildFile; fileRef = 6A357CB62AD56F2F000DD4AC /* SkinNightmarePredictor.swift */; };
		6A3664392AD6D8C700D4F6E6 /* PhotoSheetType.swift in Sources */ = {isa = PBXBuildFile; fileRef = 6A3664382AD6D8C700D4F6E6 /* PhotoSheetType.swift */; };
		6A36643B2AD6D90F00D4F6E6 /* ResultView.swift in Sources */ = {isa = PBXBuildFile; fileRef = 6A36643A2AD6D90F00D4F6E6 /* ResultView.swift */; };
		6A3D54302AE00BC20091EC44 /* SkinDetectTests.swift in Sources */ = {isa = PBXBuildFile; fileRef = 6A3D542F2AE00BC20091EC44 /* SkinDetectTests.swift */; };
		6A4E82352ADD5A30006512D7 /* SkinNightmare.mlmodel in Sources */ = {isa = PBXBuildFile; fileRef = 6A4E82342ADD5A30006512D7 /* SkinNightmare.mlmodel */; };
		6A9BC48F2AD9250E00FD8315 /* SplashScreen.swift in Sources */ = {isa = PBXBuildFile; fileRef = 6A9BC48E2AD9250E00FD8315 /* SplashScreen.swift */; };
		6A9BC4952AD92A7B00FD8315 /* BackgroundGradientModifier.swift in Sources */ = {isa = PBXBuildFile; fileRef = 6A9BC4942AD92A7B00FD8315 /* BackgroundGradientModifier.swift */; };
		6A9BC4972AD932AD00FD8315 /* PickerControlView.swift in Sources */ = {isa = PBXBuildFile; fileRef = 6A9BC4962AD932AD00FD8315 /* PickerControlView.swift */; };
/* End PBXBuildFile section */

/* Begin PBXContainerItemProxy section */
		6A3D54312AE00BC20091EC44 /* PBXContainerItemProxy */ = {
			isa = PBXContainerItemProxy;
			containerPortal = 6A357C992AD55391000DD4AC /* Project object */;
			proxyType = 1;
			remoteGlobalIDString = 6A357CA02AD55391000DD4AC;
			remoteInfo = SkinDetect;
		};
/* End PBXContainerItemProxy section */

/* Begin PBXFileReference section */
		6A357CA12AD55391000DD4AC /* SkinDetect.app */ = {isa = PBXFileReference; explicitFileType = wrapper.application; includeInIndex = 0; path = SkinDetect.app; sourceTree = BUILT_PRODUCTS_DIR; };
		6A357CA42AD55391000DD4AC /* SkinDetectApp.swift */ = {isa = PBXFileReference; lastKnownFileType = sourcecode.swift; path = SkinDetectApp.swift; sourceTree = "<group>"; };
		6A357CA62AD55391000DD4AC /* CaptureView.swift */ = {isa = PBXFileReference; lastKnownFileType = sourcecode.swift; path = CaptureView.swift; sourceTree = "<group>"; };
		6A357CA82AD55393000DD4AC /* Assets.xcassets */ = {isa = PBXFileReference; lastKnownFileType = folder.assetcatalog; path = Assets.xcassets; sourceTree = "<group>"; };
		6A357CAB2AD55393000DD4AC /* Preview Assets.xcassets */ = {isa = PBXFileReference; lastKnownFileType = folder.assetcatalog; path = "Preview Assets.xcassets"; sourceTree = "<group>"; };
		6A357CB42AD55612000DD4AC /* ImagePickerView.swift */ = {isa = PBXFileReference; lastKnownFileType = sourcecode.swift; path = ImagePickerView.swift; sourceTree = "<group>"; };
		6A357CB62AD56F2F000DD4AC /* SkinNightmarePredictor.swift */ = {isa = PBXFileReference; lastKnownFileType = sourcecode.swift; path = SkinNightmarePredictor.swift; sourceTree = "<group>"; };
		6A3664382AD6D8C700D4F6E6 /* PhotoSheetType.swift */ = {isa = PBXFileReference; lastKnownFileType = sourcecode.swift; path = PhotoSheetType.swift; sourceTree = "<group>"; };
		6A36643A2AD6D90F00D4F6E6 /* ResultView.swift */ = {isa = PBXFileReference; lastKnownFileType = sourcecode.swift; path = ResultView.swift; sourceTree = "<group>"; };
		6A3D542D2AE00BC20091EC44 /* SkinDetectTests.xctest */ = {isa = PBXFileReference; explicitFileType = wrapper.cfbundle; includeInIndex = 0; path = SkinDetectTests.xctest; sourceTree = BUILT_PRODUCTS_DIR; };
		6A3D542F2AE00BC20091EC44 /* SkinDetectTests.swift */ = {isa = PBXFileReference; lastKnownFileType = sourcecode.swift; path = SkinDetectTests.swift; sourceTree = "<group>"; };
		6A4E82342ADD5A30006512D7 /* SkinNightmare.mlmodel */ = {isa = PBXFileReference; lastKnownFileType = file.mlmodel; path = SkinNightmare.mlmodel; sourceTree = "<group>"; };
		6A9BC48E2AD9250E00FD8315 /* SplashScreen.swift */ = {isa = PBXFileReference; lastKnownFileType = sourcecode.swift; path = SplashScreen.swift; sourceTree = "<group>"; };
		6A9BC4932AD9279300FD8315 /* Info.plist */ = {isa = PBXFileReference; lastKnownFileType = text.plist; path = Info.plist; sourceTree = "<group>"; };
		6A9BC4942AD92A7B00FD8315 /* BackgroundGradientModifier.swift */ = {isa = PBXFileReference; lastKnownFileType = sourcecode.swift; path = BackgroundGradientModifier.swift; sourceTree = "<group>"; };
		6A9BC4962AD932AD00FD8315 /* PickerControlView.swift */ = {isa = PBXFileReference; lastKnownFileType = sourcecode.swift; path = PickerControlView.swift; sourceTree = "<group>"; };
/* End PBXFileReference section */

/* Begin PBXFrameworksBuildPhase section */
		6A357C9E2AD55391000DD4AC /* Frameworks */ = {
			isa = PBXFrameworksBuildPhase;
			buildActionMask = 2147483647;
			files = (
			);
			runOnlyForDeploymentPostprocessing = 0;
		};
		6A3D542A2AE00BC20091EC44 /* Frameworks */ = {
			isa = PBXFrameworksBuildPhase;
			buildActionMask = 2147483647;
			files = (
			);
			runOnlyForDeploymentPostprocessing = 0;
		};
/* End PBXFrameworksBuildPhase section */

/* Begin PBXGroup section */
		6A357C982AD55391000DD4AC = {
			isa = PBXGroup;
			children = (
				6A357CA32AD55391000DD4AC /* SkinDetect */,
				6A3D542E2AE00BC20091EC44 /* SkinDetectTests */,
				6A357CA22AD55391000DD4AC /* Products */,
			);
			sourceTree = "<group>";
		};
		6A357CA22AD55391000DD4AC /* Products */ = {
			isa = PBXGroup;
			children = (
				6A357CA12AD55391000DD4AC /* SkinDetect.app */,
				6A3D542D2AE00BC20091EC44 /* SkinDetectTests.xctest */,
			);
			name = Products;
			sourceTree = "<group>";
		};
		6A357CA32AD55391000DD4AC /* SkinDetect */ = {
			isa = PBXGroup;
			children = (
				6A9BC4932AD9279300FD8315 /* Info.plist */,
				6A357CA42AD55391000DD4AC /* SkinDetectApp.swift */,
				6A9BC4912AD9251E00FD8315 /* Model */,
				6A9BC4902AD9251500FD8315 /* Views */,
				6A9BC4922AD9252400FD8315 /* Support */,
				6A357CA82AD55393000DD4AC /* Assets.xcassets */,
				6A357CAA2AD55393000DD4AC /* Preview Content */,
			);
			path = SkinDetect;
			sourceTree = "<group>";
		};
		6A357CAA2AD55393000DD4AC /* Preview Content */ = {
			isa = PBXGroup;
			children = (
				6A357CAB2AD55393000DD4AC /* Preview Assets.xcassets */,
			);
			path = "Preview Content";
			sourceTree = "<group>";
		};
		6A3D542E2AE00BC20091EC44 /* SkinDetectTests */ = {
			isa = PBXGroup;
			children = (
				6A3D542F2AE00BC20091EC44 /* SkinDetectTests.swift */,
			);
			path = SkinDetectTests;
			sourceTree = "<group>";
		};
		6A9BC4902AD9251500FD8315 /* Views */ = {
			isa = PBXGroup;
			children = (
				6A357CB42AD55612000DD4AC /* ImagePickerView.swift */,
				6A357CA62AD55391000DD4AC /* CaptureView.swift */,
				6A36643A2AD6D90F00D4F6E6 /* ResultView.swift */,
				6A9BC48E2AD9250E00FD8315 /* SplashScreen.swift */,
				6A9BC4942AD92A7B00FD8315 /* BackgroundGradientModifier.swift */,
				6A9BC4962AD932AD00FD8315 /* PickerControlView.swift */,
			);
			path = Views;
			sourceTree = "<group>";
		};
		6A9BC4912AD9251E00FD8315 /* Model */ = {
			isa = PBXGroup;
			children = (
				6A4E82342ADD5A30006512D7 /* SkinNightmare.mlmodel */,
				6A357CB62AD56F2F000DD4AC /* SkinNightmarePredictor.swift */,
			);
			path = Model;
			sourceTree = "<group>";
		};
		6A9BC4922AD9252400FD8315 /* Support */ = {
			isa = PBXGroup;
			children = (
				6A3664382AD6D8C700D4F6E6 /* PhotoSheetType.swift */,
			);
			path = Support;
			sourceTree = "<group>";
		};
/* End PBXGroup section */

/* Begin PBXNativeTarget section */
		6A357CA02AD55391000DD4AC /* SkinDetect */ = {
			isa = PBXNativeTarget;
			buildConfigurationList = 6A357CAF2AD55393000DD4AC /* Build configuration list for PBXNativeTarget "SkinDetect" */;
			buildPhases = (
				6A357C9D2AD55391000DD4AC /* Sources */,
				6A357C9E2AD55391000DD4AC /* Frameworks */,
				6A357C9F2AD55391000DD4AC /* Resources */,
			);
			buildRules = (
			);
			dependencies = (
			);
			name = SkinDetect;
			productName = SkinDetect;
			productReference = 6A357CA12AD55391000DD4AC /* SkinDetect.app */;
			productType = "com.apple.product-type.application";
		};
		6A3D542C2AE00BC20091EC44 /* SkinDetectTests */ = {
			isa = PBXNativeTarget;
			buildConfigurationList = 6A3D54332AE00BC20091EC44 /* Build configuration list for PBXNativeTarget "SkinDetectTests" */;
			buildPhases = (
				6A3D54292AE00BC20091EC44 /* Sources */,
				6A3D542A2AE00BC20091EC44 /* Frameworks */,
				6A3D542B2AE00BC20091EC44 /* Resources */,
			);
			buildRules = (
			);
			dependencies = (
				6A3D54322AE00BC20091EC44 /* PBXTargetDependency */,
			);
			name = SkinDetectTests;
			productName = SkinDetectTests;
			productReference = 6A3D542D2AE00BC20091EC44 /* SkinDetectTests.xctest */;
			productType = "com.apple.product-type.bundle.unit-test";
		};
/* End PBXNativeTarget section */

/* Begin PBXProject section */
		6A357C992AD55391000DD4AC /* Project object */ = {
			isa = PBXProject;
			attributes = {
				BuildIndependentTargetsInParallel = 1;
				LastSwiftUpdateCheck = 1500;
				LastUpgradeCheck = 1500;
				TargetAttributes = {
					6A357CA02AD55391000DD4AC = {
						CreatedOnToolsVersion = 15.0;
					};
					6A3D542C2AE00BC20091EC44 = {
						CreatedOnToolsVersion = 15.0;
						TestTargetID = 6A357CA02AD55391000DD4AC;
					};
				};
			};
			buildConfigurationList = 6A357C9C2AD55391000DD4AC /* Build configuration list for PBXProject "SkinDetect" */;
			compatibilityVersion = "Xcode 14.0";
			developmentRegion = en;
			hasScannedForEncodings = 0;
			knownRegions = (
				en,
				Base,
			);
			mainGroup = 6A357C982AD55391000DD4AC;
			productRefGroup = 6A357CA22AD55391000DD4AC /* Products */;
			projectDirPath = "";
			projectRoot = "";
			targets = (
				6A357CA02AD55391000DD4AC /* SkinDetect */,
				6A3D542C2AE00BC20091EC44 /* SkinDetectTests */,
			);
		};
/* End PBXProject section */

/* Begin PBXResourcesBuildPhase section */
		6A357C9F2AD55391000DD4AC /* Resources */ = {
			isa = PBXResourcesBuildPhase;
			buildActionMask = 2147483647;
			files = (
				6A357CAC2AD55393000DD4AC /* Preview Assets.xcassets in Resources */,
				6A357CA92AD55393000DD4AC /* Assets.xcassets in Resources */,
			);
			runOnlyForDeploymentPostprocessing = 0;
		};
		6A3D542B2AE00BC20091EC44 /* Resources */ = {
			isa = PBXResourcesBuildPhase;
			buildActionMask = 2147483647;
			files = (
			);
			runOnlyForDeploymentPostprocessing = 0;
		};
/* End PBXResourcesBuildPhase section */

/* Begin PBXSourcesBuildPhase section */
		6A357C9D2AD55391000DD4AC /* Sources */ = {
			isa = PBXSourcesBuildPhase;
			buildActionMask = 2147483647;
			files = (
				6A9BC48F2AD9250E00FD8315 /* SplashScreen.swift in Sources */,
				6A3664392AD6D8C700D4F6E6 /* PhotoSheetType.swift in Sources */,
				6A357CB52AD55612000DD4AC /* ImagePickerView.swift in Sources */,
				6A357CB72AD56F2F000DD4AC /* SkinNightmarePredictor.swift in Sources */,
				6A9BC4972AD932AD00FD8315 /* PickerControlView.swift in Sources */,
				6A9BC4952AD92A7B00FD8315 /* BackgroundGradientModifier.swift in Sources */,
				6A357CA72AD55391000DD4AC /* CaptureView.swift in Sources */,
				6A357CA52AD55391000DD4AC /* SkinDetectApp.swift in Sources */,
				6A36643B2AD6D90F00D4F6E6 /* ResultView.swift in Sources */,
				6A4E82352ADD5A30006512D7 /* SkinNightmare.mlmodel in Sources */,
			);
			runOnlyForDeploymentPostprocessing = 0;
		};
		6A3D54292AE00BC20091EC44 /* Sources */ = {
			isa = PBXSourcesBuildPhase;
			buildActionMask = 2147483647;
			files = (
				6A3D54302AE00BC20091EC44 /* SkinDetectTests.swift in Sources */,
			);
			runOnlyForDeploymentPostprocessing = 0;
		};
/* End PBXSourcesBuildPhase section */

/* Begin PBXTargetDependency section */
		6A3D54322AE00BC20091EC44 /* PBXTargetDependency */ = {
			isa = PBXTargetDependency;
			target = 6A357CA02AD55391000DD4AC /* SkinDetect */;
			targetProxy = 6A3D54312AE00BC20091EC44 /* PBXContainerItemProxy */;
		};
/* End PBXTargetDependency section */

/* Begin XCBuildConfiguration section */
		6A357CAD2AD55393000DD4AC /* Debug */ = {
			isa = XCBuildConfiguration;
			buildSettings = {
				ALWAYS_SEARCH_USER_PATHS = NO;
				ASSETCATALOG_COMPILER_GENERATE_SWIFT_ASSET_SYMBOL_EXTENSIONS = YES;
				CLANG_ANALYZER_NONNULL = YES;
				CLANG_ANALYZER_NUMBER_OBJECT_CONVERSION = YES_AGGRESSIVE;
				CLANG_CXX_LANGUAGE_STANDARD = "gnu++20";
				CLANG_ENABLE_MODULES = YES;
				CLANG_ENABLE_OBJC_ARC = YES;
				CLANG_ENABLE_OBJC_WEAK = YES;
				CLANG_WARN_BLOCK_CAPTURE_AUTORELEASING = YES;
				CLANG_WARN_BOOL_CONVERSION = YES;
				CLANG_WARN_COMMA = YES;
				CLANG_WARN_CONSTANT_CONVERSION = YES;
				CLANG_WARN_DEPRECATED_OBJC_IMPLEMENTATIONS = YES;
				CLANG_WARN_DIRECT_OBJC_ISA_USAGE = YES_ERROR;
				CLANG_WARN_DOCUMENTATION_COMMENTS = YES;
				CLANG_WARN_EMPTY_BODY = YES;
				CLANG_WARN_ENUM_CONVERSION = YES;
				CLANG_WARN_INFINITE_RECURSION = YES;
				CLANG_WARN_INT_CONVERSION = YES;
				CLANG_WARN_NON_LITERAL_NULL_CONVERSION = YES;
				CLANG_WARN_OBJC_IMPLICIT_RETAIN_SELF = YES;
				CLANG_WARN_OBJC_LITERAL_CONVERSION = YES;
				CLANG_WARN_OBJC_ROOT_CLASS = YES_ERROR;
				CLANG_WARN_QUOTED_INCLUDE_IN_FRAMEWORK_HEADER = YES;
				CLANG_WARN_RANGE_LOOP_ANALYSIS = YES;
				CLANG_WARN_STRICT_PROTOTYPES = YES;
				CLANG_WARN_SUSPICIOUS_MOVE = YES;
				CLANG_WARN_UNGUARDED_AVAILABILITY = YES_AGGRESSIVE;
				CLANG_WARN_UNREACHABLE_CODE = YES;
				CLANG_WARN__DUPLICATE_METHOD_MATCH = YES;
				COPY_PHASE_STRIP = NO;
				DEBUG_INFORMATION_FORMAT = dwarf;
				ENABLE_STRICT_OBJC_MSGSEND = YES;
				ENABLE_TESTABILITY = YES;
				ENABLE_USER_SCRIPT_SANDBOXING = YES;
				GCC_C_LANGUAGE_STANDARD = gnu17;
				GCC_DYNAMIC_NO_PIC = NO;
				GCC_NO_COMMON_BLOCKS = YES;
				GCC_OPTIMIZATION_LEVEL = 0;
				GCC_PREPROCESSOR_DEFINITIONS = (
					"DEBUG=1",
					"$(inherited)",
				);
				GCC_WARN_64_TO_32_BIT_CONVERSION = YES;
				GCC_WARN_ABOUT_RETURN_TYPE = YES_ERROR;
				GCC_WARN_UNDECLARED_SELECTOR = YES;
				GCC_WARN_UNINITIALIZED_AUTOS = YES_AGGRESSIVE;
				GCC_WARN_UNUSED_FUNCTION = YES;
				GCC_WARN_UNUSED_VARIABLE = YES;
				IPHONEOS_DEPLOYMENT_TARGET = 17.0;
				LOCALIZATION_PREFERS_STRING_CATALOGS = YES;
				MTL_ENABLE_DEBUG_INFO = INCLUDE_SOURCE;
				MTL_FAST_MATH = YES;
				ONLY_ACTIVE_ARCH = YES;
				SDKROOT = iphoneos;
				SWIFT_ACTIVE_COMPILATION_CONDITIONS = "DEBUG $(inherited)";
				SWIFT_OPTIMIZATION_LEVEL = "-Onone";
			};
			name = Debug;
		};
		6A357CAE2AD55393000DD4AC /* Release */ = {
			isa = XCBuildConfiguration;
			buildSettings = {
				ALWAYS_SEARCH_USER_PATHS = NO;
				ASSETCATALOG_COMPILER_GENERATE_SWIFT_ASSET_SYMBOL_EXTENSIONS = YES;
				CLANG_ANALYZER_NONNULL = YES;
				CLANG_ANALYZER_NUMBER_OBJECT_CONVERSION = YES_AGGRESSIVE;
				CLANG_CXX_LANGUAGE_STANDARD = "gnu++20";
				CLANG_ENABLE_MODULES = YES;
				CLANG_ENABLE_OBJC_ARC = YES;
				CLANG_ENABLE_OBJC_WEAK = YES;
				CLANG_WARN_BLOCK_CAPTURE_AUTORELEASING = YES;
				CLANG_WARN_BOOL_CONVERSION = YES;
				CLANG_WARN_COMMA = YES;
				CLANG_WARN_CONSTANT_CONVERSION = YES;
				CLANG_WARN_DEPRECATED_OBJC_IMPLEMENTATIONS = YES;
				CLANG_WARN_DIRECT_OBJC_ISA_USAGE = YES_ERROR;
				CLANG_WARN_DOCUMENTATION_COMMENTS = YES;
				CLANG_WARN_EMPTY_BODY = YES;
				CLANG_WARN_ENUM_CONVERSION = YES;
				CLANG_WARN_INFINITE_RECURSION = YES;
				CLANG_WARN_INT_CONVERSION = YES;
				CLANG_WARN_NON_LITERAL_NULL_CONVERSION = YES;
				CLANG_WARN_OBJC_IMPLICIT_RETAIN_SELF = YES;
				CLANG_WARN_OBJC_LITERAL_CONVERSION = YES;
				CLANG_WARN_OBJC_ROOT_CLASS = YES_ERROR;
				CLANG_WARN_QUOTED_INCLUDE_IN_FRAMEWORK_HEADER = YES;
				CLANG_WARN_RANGE_LOOP_ANALYSIS = YES;
				CLANG_WARN_STRICT_PROTOTYPES = YES;
				CLANG_WARN_SUSPICIOUS_MOVE = YES;
				CLANG_WARN_UNGUARDED_AVAILABILITY = YES_AGGRESSIVE;
				CLANG_WARN_UNREACHABLE_CODE = YES;
				CLANG_WARN__DUPLICATE_METHOD_MATCH = YES;
				COPY_PHASE_STRIP = NO;
				DEBUG_INFORMATION_FORMAT = "dwarf-with-dsym";
				ENABLE_NS_ASSERTIONS = NO;
				ENABLE_STRICT_OBJC_MSGSEND = YES;
				ENABLE_USER_SCRIPT_SANDBOXING = YES;
				GCC_C_LANGUAGE_STANDARD = gnu17;
				GCC_NO_COMMON_BLOCKS = YES;
				GCC_WARN_64_TO_32_BIT_CONVERSION = YES;
				GCC_WARN_ABOUT_RETURN_TYPE = YES_ERROR;
				GCC_WARN_UNDECLARED_SELECTOR = YES;
				GCC_WARN_UNINITIALIZED_AUTOS = YES_AGGRESSIVE;
				GCC_WARN_UNUSED_FUNCTION = YES;
				GCC_WARN_UNUSED_VARIABLE = YES;
				IPHONEOS_DEPLOYMENT_TARGET = 17.0;
				LOCALIZATION_PREFERS_STRING_CATALOGS = YES;
				MTL_ENABLE_DEBUG_INFO = NO;
				MTL_FAST_MATH = YES;
				SDKROOT = iphoneos;
				SWIFT_COMPILATION_MODE = wholemodule;
				VALIDATE_PRODUCT = YES;
			};
			name = Release;
		};
		6A357CB02AD55393000DD4AC /* Debug */ = {
			isa = XCBuildConfiguration;
			buildSettings = {
				ASSETCATALOG_COMPILER_APPICON_NAME = AppIcon;
				ASSETCATALOG_COMPILER_GLOBAL_ACCENT_COLOR_NAME = AccentColor;
				CODE_SIGN_STYLE = Automatic;
				CURRENT_PROJECT_VERSION = 1;
				DEVELOPMENT_ASSET_PATHS = "\"SkinDetect/Preview Content\"";
				DEVELOPMENT_TEAM = 67H5W5F3SW;
				ENABLE_PREVIEWS = YES;
				GENERATE_INFOPLIST_FILE = YES;
				INFOPLIST_FILE = SkinDetect/Info.plist;
				INFOPLIST_KEY_NSCameraUsageDescription = "Show some skin";
				INFOPLIST_KEY_NSPhotoLibraryUsageDescription = "identify skin cthulhu";
				INFOPLIST_KEY_UIApplicationSceneManifest_Generation = YES;
				INFOPLIST_KEY_UIApplicationSupportsIndirectInputEvents = YES;
				INFOPLIST_KEY_UILaunchStoryboardName = "";
				INFOPLIST_KEY_UISupportedInterfaceOrientations_iPad = "UIInterfaceOrientationPortrait UIInterfaceOrientationPortraitUpsideDown UIInterfaceOrientationLandscapeLeft UIInterfaceOrientationLandscapeRight";
				INFOPLIST_KEY_UISupportedInterfaceOrientations_iPhone = "UIInterfaceOrientationPortrait UIInterfaceOrientationLandscapeLeft UIInterfaceOrientationLandscapeRight";
				IPHONEOS_DEPLOYMENT_TARGET = 16.0;
				LD_RUNPATH_SEARCH_PATHS = (
					"$(inherited)",
					"@executable_path/Frameworks",
				);
				MARKETING_VERSION = 1.0;
				PRODUCT_BUNDLE_IDENTIFIER = com.cognizant.SkinDetectMl;
				PRODUCT_NAME = "$(TARGET_NAME)";
				SWIFT_EMIT_LOC_STRINGS = YES;
				SWIFT_VERSION = 5.0;
				TARGETED_DEVICE_FAMILY = "1,2";
			};
			name = Debug;
		};
		6A357CB12AD55393000DD4AC /* Release */ = {
			isa = XCBuildConfiguration;
			buildSettings = {
				ASSETCATALOG_COMPILER_APPICON_NAME = AppIcon;
				ASSETCATALOG_COMPILER_GLOBAL_ACCENT_COLOR_NAME = AccentColor;
				CODE_SIGN_STYLE = Automatic;
				CURRENT_PROJECT_VERSION = 1;
				DEVELOPMENT_ASSET_PATHS = "\"SkinDetect/Preview Content\"";
				DEVELOPMENT_TEAM = 67H5W5F3SW;
				ENABLE_PREVIEWS = YES;
				GENERATE_INFOPLIST_FILE = YES;
				INFOPLIST_FILE = SkinDetect/Info.plist;
				INFOPLIST_KEY_NSCameraUsageDescription = "Show some skin";
				INFOPLIST_KEY_NSPhotoLibraryUsageDescription = "identify skin cthulhu";
				INFOPLIST_KEY_UIApplicationSceneManifest_Generation = YES;
				INFOPLIST_KEY_UIApplicationSupportsIndirectInputEvents = YES;
				INFOPLIST_KEY_UILaunchStoryboardName = "";
				INFOPLIST_KEY_UISupportedInterfaceOrientations_iPad = "UIInterfaceOrientationPortrait UIInterfaceOrientationPortraitUpsideDown UIInterfaceOrientationLandscapeLeft UIInterfaceOrientationLandscapeRight";
				INFOPLIST_KEY_UISupportedInterfaceOrientations_iPhone = "UIInterfaceOrientationPortrait UIInterfaceOrientationLandscapeLeft UIInterfaceOrientationLandscapeRight";
				IPHONEOS_DEPLOYMENT_TARGET = 16.0;
				LD_RUNPATH_SEARCH_PATHS = (
					"$(inherited)",
					"@executable_path/Frameworks",
				);
				MARKETING_VERSION = 1.0;
				PRODUCT_BUNDLE_IDENTIFIER = com.cognizant.SkinDetectMl;
				PRODUCT_NAME = "$(TARGET_NAME)";
				SWIFT_EMIT_LOC_STRINGS = YES;
				SWIFT_VERSION = 5.0;
				TARGETED_DEVICE_FAMILY = "1,2";
			};
			name = Release;
		};
		6A3D54342AE00BC20091EC44 /* Debug */ = {
			isa = XCBuildConfiguration;
			buildSettings = {
				BUNDLE_LOADER = "$(TEST_HOST)";
				CODE_SIGN_STYLE = Automatic;
				CURRENT_PROJECT_VERSION = 1;
				DEVELOPMENT_TEAM = U24R3KDQV5;
				GENERATE_INFOPLIST_FILE = YES;
				MARKETING_VERSION = 1.0;
				PRODUCT_BUNDLE_IDENTIFIER = com.alin.petrus.SkinDetectTests;
				PRODUCT_NAME = "$(TARGET_NAME)";
				SWIFT_EMIT_LOC_STRINGS = NO;
				SWIFT_VERSION = 5.0;
				TARGETED_DEVICE_FAMILY = "1,2";
				TEST_HOST = "$(BUILT_PRODUCTS_DIR)/SkinDetect.app/$(BUNDLE_EXECUTABLE_FOLDER_PATH)/SkinDetect";
			};
			name = Debug;
		};
		6A3D54352AE00BC20091EC44 /* Release */ = {
			isa = XCBuildConfiguration;
			buildSettings = {
				BUNDLE_LOADER = "$(TEST_HOST)";
				CODE_SIGN_STYLE = Automatic;
				CURRENT_PROJECT_VERSION = 1;
				DEVELOPMENT_TEAM = U24R3KDQV5;
				GENERATE_INFOPLIST_FILE = YES;
				MARKETING_VERSION = 1.0;
				PRODUCT_BUNDLE_IDENTIFIER = com.alin.petrus.SkinDetectTests;
				PRODUCT_NAME = "$(TARGET_NAME)";
				SWIFT_EMIT_LOC_STRINGS = NO;
				SWIFT_VERSION = 5.0;
				TARGETED_DEVICE_FAMILY = "1,2";
				TEST_HOST = "$(BUILT_PRODUCTS_DIR)/SkinDetect.app/$(BUNDLE_EXECUTABLE_FOLDER_PATH)/SkinDetect";
			};
			name = Release;
		};
/* End XCBuildConfiguration section */

/* Begin XCConfigurationList section */
		6A357C9C2AD55391000DD4AC /* Build configuration list for PBXProject "SkinDetect" */ = {
			isa = XCConfigurationList;
			buildConfigurations = (
				6A357CAD2AD55393000DD4AC /* Debug */,
				6A357CAE2AD55393000DD4AC /* Release */,
			);
			defaultConfigurationIsVisible = 0;
			defaultConfigurationName = Release;
		};
		6A357CAF2AD55393000DD4AC /* Build configuration list for PBXNativeTarget "SkinDetect" */ = {
			isa = XCConfigurationList;
			buildConfigurations = (
				6A357CB02AD55393000DD4AC /* Debug */,
				6A357CB12AD55393000DD4AC /* Release */,
			);
			defaultConfigurationIsVisible = 0;
			defaultConfigurationName = Release;
		};
		6A3D54332AE00BC20091EC44 /* Build configuration list for PBXNativeTarget "SkinDetectTests" */ = {
			isa = XCConfigurationList;
			buildConfigurations = (
				6A3D54342AE00BC20091EC44 /* Debug */,
				6A3D54352AE00BC20091EC44 /* Release */,
			);
			defaultConfigurationIsVisible = 0;
			defaultConfigurationName = Release;
		};
/* End XCConfigurationList section */
	};
	rootObject = 6A357C992AD55391000DD4AC /* Project object */;
}
